// !$*UTF8*$!
{
	archiveVersion = 1;
	classes = {
	};
	objectVersion = 46;
	objects = {

/* Begin PBXBuildFile section */
		3446409D14D420AF00B7C0DA /* Foundation.framework in Frameworks */ = {isa = PBXBuildFile; fileRef = 3446409C14D420AF00B7C0DA /* Foundation.framework */; };
		344640A014D420AF00B7C0DA /* main.cpp in Sources */ = {isa = PBXBuildFile; fileRef = 3446409F14D420AF00B7C0DA /* main.cpp */; };
		344640A214D420B000B7C0DA /* ResourcePath.mm in Sources */ = {isa = PBXBuildFile; fileRef = 344640A114D420B000B7C0DA /* ResourcePath.mm */; };
		344640AF14D420B000B7C0DA /* InfoPlist.strings in Resources */ = {isa = PBXBuildFile; fileRef = 344640AD14D420B000B7C0DA /* InfoPlist.strings */; };
		344640BE14D4283000B7C0DA /* SplashScreen.cpp in Sources */ = {isa = PBXBuildFile; fileRef = 344640BC14D4283000B7C0DA /* SplashScreen.cpp */; };
		344640C114D4292500B7C0DA /* Game.cpp in Sources */ = {isa = PBXBuildFile; fileRef = 344640BF14D4292500B7C0DA /* Game.cpp */; };
		344640C314D4293600B7C0DA /* img in Resources */ = {isa = PBXBuildFile; fileRef = 344640C214D4293600B7C0DA /* img */; };
		344640C614D438E100B7C0DA /* Entity.cpp in Sources */ = {isa = PBXBuildFile; fileRef = 344640C414D438E100B7C0DA /* Entity.cpp */; };
/* End PBXBuildFile section */

/* Begin PBXFileReference section */
		3446409814D420AF00B7C0DA /* Game Engine Template.app */ = {isa = PBXFileReference; explicitFileType = wrapper.application; includeInIndex = 0; path = "Game Engine Template.app"; sourceTree = BUILT_PRODUCTS_DIR; };
		3446409C14D420AF00B7C0DA /* Foundation.framework */ = {isa = PBXFileReference; lastKnownFileType = wrapper.framework; name = Foundation.framework; path = System/Library/Frameworks/Foundation.framework; sourceTree = SDKROOT; };
		3446409F14D420AF00B7C0DA /* main.cpp */ = {isa = PBXFileReference; lastKnownFileType = sourcecode.cpp.cpp; path = main.cpp; sourceTree = "<group>"; };
		344640A114D420B000B7C0DA /* ResourcePath.mm */ = {isa = PBXFileReference; lastKnownFileType = sourcecode.cpp.objcpp; path = ResourcePath.mm; sourceTree = "<group>"; };
		344640A314D420B000B7C0DA /* ResourcePath.hpp */ = {isa = PBXFileReference; lastKnownFileType = sourcecode.cpp.h; path = ResourcePath.hpp; sourceTree = "<group>"; };
		344640AC14D420B000B7C0DA /* Game Engine Template-Info.plist */ = {isa = PBXFileReference; lastKnownFileType = text.plist.xml; path = "Game Engine Template-Info.plist"; sourceTree = "<group>"; };
		344640AE14D420B000B7C0DA /* en */ = {isa = PBXFileReference; lastKnownFileType = text.plist.strings; name = en; path = en.lproj/InfoPlist.strings; sourceTree = "<group>"; };
		344640B014D420B000B7C0DA /* Game Engine Template-Prefix.pch */ = {isa = PBXFileReference; lastKnownFileType = sourcecode.c.h; path = "Game Engine Template-Prefix.pch"; sourceTree = "<group>"; };
		344640BC14D4283000B7C0DA /* SplashScreen.cpp */ = {isa = PBXFileReference; fileEncoding = 4; lastKnownFileType = sourcecode.cpp.cpp; path = SplashScreen.cpp; sourceTree = "<group>"; };
		344640BD14D4283000B7C0DA /* SplashScreen.h */ = {isa = PBXFileReference; fileEncoding = 4; lastKnownFileType = sourcecode.c.h; path = SplashScreen.h; sourceTree = "<group>"; };
		344640BF14D4292500B7C0DA /* Game.cpp */ = {isa = PBXFileReference; fileEncoding = 4; lastKnownFileType = sourcecode.cpp.cpp; path = Game.cpp; sourceTree = "<group>"; };
		344640C014D4292500B7C0DA /* Game.h */ = {isa = PBXFileReference; fileEncoding = 4; lastKnownFileType = sourcecode.c.h; path = Game.h; sourceTree = "<group>"; };
		344640C214D4293600B7C0DA /* img */ = {isa = PBXFileReference; lastKnownFileType = folder; path = img; sourceTree = SOURCE_ROOT; };
		344640C414D438E100B7C0DA /* Entity.cpp */ = {isa = PBXFileReference; fileEncoding = 4; lastKnownFileType = sourcecode.cpp.cpp; path = Entity.cpp; sourceTree = "<group>"; };
		344640C514D438E100B7C0DA /* Entity.h */ = {isa = PBXFileReference; fileEncoding = 4; lastKnownFileType = sourcecode.c.h; path = Entity.h; sourceTree = "<group>"; };
/* End PBXFileReference section */

/* Begin PBXFrameworksBuildPhase section */
		3446409514D420AF00B7C0DA /* Frameworks */ = {
			isa = PBXFrameworksBuildPhase;
			buildActionMask = 2147483647;
			files = (
				3446409D14D420AF00B7C0DA /* Foundation.framework in Frameworks */,
			);
			runOnlyForDeploymentPostprocessing = 0;
		};
/* End PBXFrameworksBuildPhase section */

/* Begin PBXGroup section */
		3446408C14D420AF00B7C0DA = {
			isa = PBXGroup;
			children = (
				344640BC14D4283000B7C0DA /* SplashScreen.cpp */,
				344640BD14D4283000B7C0DA /* SplashScreen.h */,
				344640BF14D4292500B7C0DA /* Game.cpp */,
				344640C014D4292500B7C0DA /* Game.h */,
				344640C414D438E100B7C0DA /* Entity.cpp */,
				344640C514D438E100B7C0DA /* Entity.h */,
				3446409E14D420AF00B7C0DA /* Game Engine Template */,
				3446409B14D420AF00B7C0DA /* Frameworks */,
				3446409914D420AF00B7C0DA /* Products */,
			);
			sourceTree = "<group>";
		};
		3446409914D420AF00B7C0DA /* Products */ = {
			isa = PBXGroup;
			children = (
				3446409814D420AF00B7C0DA /* Game Engine Template.app */,
			);
			name = Products;
			sourceTree = "<group>";
		};
		3446409B14D420AF00B7C0DA /* Frameworks */ = {
			isa = PBXGroup;
			children = (
				3446409C14D420AF00B7C0DA /* Foundation.framework */,
			);
			name = Frameworks;
			sourceTree = "<group>";
		};
		3446409E14D420AF00B7C0DA /* Game Engine Template */ = {
			isa = PBXGroup;
			children = (
				3446409F14D420AF00B7C0DA /* main.cpp */,
				344640A114D420B000B7C0DA /* ResourcePath.mm */,
				344640A314D420B000B7C0DA /* ResourcePath.hpp */,
				344640A414D420B000B7C0DA /* Resources */,
				344640AB14D420B000B7C0DA /* Supporting Files */,
			);
			path = "Game Engine Template";
			sourceTree = "<group>";
		};
		344640A414D420B000B7C0DA /* Resources */ = {
			isa = PBXGroup;
			children = (
				344640C214D4293600B7C0DA /* img */,
			);
			name = Resources;
			sourceTree = "<group>";
		};
		344640AB14D420B000B7C0DA /* Supporting Files */ = {
			isa = PBXGroup;
			children = (
				344640AC14D420B000B7C0DA /* Game Engine Template-Info.plist */,
				344640AD14D420B000B7C0DA /* InfoPlist.strings */,
				344640B014D420B000B7C0DA /* Game Engine Template-Prefix.pch */,
			);
			name = "Supporting Files";
			sourceTree = "<group>";
		};
/* End PBXGroup section */

/* Begin PBXNativeTarget section */
		3446409714D420AF00B7C0DA /* Game Engine Template */ = {
			isa = PBXNativeTarget;
			buildConfigurationList = 344640B314D420B000B7C0DA /* Build configuration list for PBXNativeTarget "Game Engine Template" */;
			buildPhases = (
				3446409314D420AF00B7C0DA /* ShellScript */,
				3446409414D420AF00B7C0DA /* Sources */,
				3446409514D420AF00B7C0DA /* Frameworks */,
				3446409614D420AF00B7C0DA /* Resources */,
			);
			buildRules = (
			);
			dependencies = (
			);
			name = "Game Engine Template";
			productName = "Game Engine Template";
			productReference = 3446409814D420AF00B7C0DA /* Game Engine Template.app */;
			productType = "com.apple.product-type.application";
		};
/* End PBXNativeTarget section */

/* Begin PBXProject section */
		3446408E14D420AF00B7C0DA /* Project object */ = {
			isa = PBXProject;
			attributes = {
				ORGANIZATIONNAME = "Posva Games";
			};
			buildConfigurationList = 3446409114D420AF00B7C0DA /* Build configuration list for PBXProject "Game Engine Template" */;
			compatibilityVersion = "Xcode 3.2";
			developmentRegion = English;
			hasScannedForEncodings = 0;
			knownRegions = (
				en,
			);
			mainGroup = 3446408C14D420AF00B7C0DA;
			productRefGroup = 3446409914D420AF00B7C0DA /* Products */;
			projectDirPath = "";
			projectRoot = "";
			targets = (
				3446409714D420AF00B7C0DA /* Game Engine Template */,
			);
		};
/* End PBXProject section */

/* Begin PBXResourcesBuildPhase section */
		3446409614D420AF00B7C0DA /* Resources */ = {
			isa = PBXResourcesBuildPhase;
			buildActionMask = 2147483647;
			files = (
				344640AF14D420B000B7C0DA /* InfoPlist.strings in Resources */,
				344640C314D4293600B7C0DA /* img in Resources */,
			);
			runOnlyForDeploymentPostprocessing = 0;
		};
/* End PBXResourcesBuildPhase section */

/* Begin PBXShellScriptBuildPhase section */
		3446409314D420AF00B7C0DA /* ShellScript */ = {
			isa = PBXShellScriptBuildPhase;
			buildActionMask = 12;
			files = (
			);
			inputPaths = (
			);
			outputPaths = (
			);
			runOnlyForDeploymentPostprocessing = 0;
			shellPath = /bin/sh;
			shellScript = "# This shell script simply copies required sfml dylibs/frameworks into the application bundle frameworks folder.\n# If you're using static libraries (which is not recommended) you should remove this script from your project.\n\n# Are we building a project that uses framework or dylibs ?\nif [ $SFML_LINK_PREFIX = $SFML_LINK_FRAMEWORKS_PREFIX ]\nthen\n    frameworks=1\nelse\n    frameworks=0\nfi\n\nrequire () # $1 is a SFML module like 'system' or 'audio'\n{\n    dest=$BUILT_PRODUCTS_DIR/$PRODUCT_NAME.app/Contents/Frameworks\n    echo \"dist is \"$dest\"\\n\"\n    \n    if [ -z $1 ]\n    then\n        echo \"no parameter! ERROR!\"\n        exit\n    else\n        # clean potentially old stuff\n        rm -f $dest/libsfml-$1.2.dylib\n        rm -f $dest/libsfml-$1-d.2.dylib\n        rm -fr $dest/sfml-$1.framework\n    \n        # copy SFML libraries\n        if [ $frameworks ]\n        then\n            ditto /Library/Frameworks/sfml-$1.framework $dest/sfml-$1.framework\n        elif [ $CONFIGURATION = \"Debug\" ]\n        then\n            ditto /usr/local/lib/libsfml-$1-d.2.dylib $dest/libsfml-$1-d.2.dylib\n        else\n            ditto /usr/local/lib/libsfml-$1.2.dylib $dest/libsfml-$1.2.dylib\n        fi\n        \n        if [ $1 = \"audio\" ]\n        then\n            # copy sndfile framework too\n            ditto /Library/Frameworks/sndfile.framework $dest/sndfile.framework\n        fi\n    fi\n}\n\nif [ -n \"$SFML_SYSTEM\" ]\nthen\n    require \"system\"\nfi\n\nif [ -n \"$SFML_AUDIO\" ]\nthen\n    require \"audio\"\nfi\n\nif [ -n \"$SFML_NETWORK\" ]\nthen\n    require \"network\"\nfi\n\nif [ -n \"$SFML_WINDOW\" ]\nthen\n    require \"window\"\nfi\n\nif [ -n \"$SFML_GRAPHICS\" ]\nthen\n    require \"graphics\"\nfi\n\t\t\t\t\t";
			showEnvVarsInLog = 0;
		};
/* End PBXShellScriptBuildPhase section */

/* Begin PBXSourcesBuildPhase section */
		3446409414D420AF00B7C0DA /* Sources */ = {
			isa = PBXSourcesBuildPhase;
			buildActionMask = 2147483647;
			files = (
				344640A014D420AF00B7C0DA /* main.cpp in Sources */,
				344640A214D420B000B7C0DA /* ResourcePath.mm in Sources */,
				344640BE14D4283000B7C0DA /* SplashScreen.cpp in Sources */,
				344640C114D4292500B7C0DA /* Game.cpp in Sources */,
				344640C614D438E100B7C0DA /* Entity.cpp in Sources */,
			);
			runOnlyForDeploymentPostprocessing = 0;
		};
/* End PBXSourcesBuildPhase section */

/* Begin PBXVariantGroup section */
		344640AD14D420B000B7C0DA /* InfoPlist.strings */ = {
			isa = PBXVariantGroup;
			children = (
				344640AE14D420B000B7C0DA /* en */,
			);
			name = InfoPlist.strings;
			sourceTree = "<group>";
		};
/* End PBXVariantGroup section */

/* Begin XCBuildConfiguration section */
		344640B114D420B000B7C0DA /* Debug */ = {
			isa = XCBuildConfiguration;
			buildSettings = {
				ARCHS = "$(ARCHS_STANDARD_32_64_BIT)";
				CLANG_ENABLE_OBJC_ARC = "";
				GCC_C_LANGUAGE_STANDARD = gnu99;
				GCC_ENABLE_OBJC_GC = unsupported;
				GCC_OPTIMIZATION_LEVEL = 0;
				GCC_PREPROCESSOR_DEFINITIONS = DEBUG;
				GCC_SYMBOLS_PRIVATE_EXTERN = NO;
				GCC_VERSION = com.apple.compilers.llvm.clang.1_0;
				GCC_WARN_64_TO_32_BIT_CONVERSION = YES;
				GCC_WARN_ABOUT_RETURN_TYPE = YES;
				GCC_WARN_UNUSED_VARIABLE = YES;
				HEADER_SEARCH_PATHS = "$(HEADER_SEARCH_PATHS)";
				MACOSX_DEPLOYMENT_TARGET = 10.6;
				ONLY_ACTIVE_ARCH = YES;
				OTHER_LDFLAGS = (
					"$(OTHER_LDFLAGS)",
					"$(SFML_SYSTEM)",
					"$(SFML_WINDOW)",
					"$(SFML_GRAPHICS)",
					"$(SFML_AUDIO)",
					"$(SFML_NETWORK)",
				);
				PRODUCT_NAME = "$(TARGET_NAME)";
				SDKROOT = macosx;
				SFML_AUDIO = "$(SFML_LINK_PREFIX)sfml-audio$(SFML_LINK_SUFFIX)";
				SFML_GRAPHICS = "$(SFML_LINK_PREFIX)sfml-graphics$(SFML_LINK_SUFFIX)";
				SFML_LINK_DYLIBS_PREFIX = "-l";
				SFML_LINK_DYLIBS_SUFFIX = "-d";
				SFML_LINK_FRAMEWORKS_PREFIX = "-framework ";
				SFML_LINK_FRAMEWORKS_SUFFIX = "";
				SFML_LINK_PREFIX = "$(SFML_LINK_FRAMEWORKS_PREFIX)";
				SFML_LINK_SUFFIX = "$(SFML_LINK_FRAMEWORKS_SUFFIX)";
				SFML_NETWORK = "$(SFML_LINK_PREFIX)sfml-network$(SFML_LINK_SUFFIX)";
				SFML_SYSTEM = "$(SFML_LINK_PREFIX)sfml-system$(SFML_LINK_SUFFIX)";
				SFML_WINDOW = "$(SFML_LINK_PREFIX)sfml-window$(SFML_LINK_SUFFIX)";
			};
			name = Debug;
		};
		344640B214D420B000B7C0DA /* Release */ = {
			isa = XCBuildConfiguration;
			buildSettings = {
				ARCHS = "$(ARCHS_STANDARD_32_64_BIT)";
				CLANG_ENABLE_OBJC_ARC = "";
				GCC_C_LANGUAGE_STANDARD = gnu99;
				GCC_ENABLE_OBJC_GC = unsupported;
				GCC_VERSION = com.apple.compilers.llvm.clang.1_0;
				GCC_WARN_64_TO_32_BIT_CONVERSION = YES;
				GCC_WARN_ABOUT_RETURN_TYPE = YES;
				GCC_WARN_UNUSED_VARIABLE = YES;
				HEADER_SEARCH_PATHS = "$(HEADER_SEARCH_PATHS)";
				MACOSX_DEPLOYMENT_TARGET = 10.6;
				OTHER_LDFLAGS = (
					"$(OTHER_LDFLAGS)",
					"$(SFML_SYSTEM)",
					"$(SFML_WINDOW)",
					"$(SFML_GRAPHICS)",
					"$(SFML_AUDIO)",
					"$(SFML_NETWORK)",
				);
				PRODUCT_NAME = "$(TARGET_NAME)";
				SDKROOT = macosx;
				SFML_AUDIO = "$(SFML_LINK_PREFIX)sfml-audio$(SFML_LINK_SUFFIX)";
				SFML_GRAPHICS = "$(SFML_LINK_PREFIX)sfml-graphics$(SFML_LINK_SUFFIX)";
				SFML_LINK_DYLIBS_PREFIX = "-l";
				SFML_LINK_DYLIBS_SUFFIX = "";
				SFML_LINK_FRAMEWORKS_PREFIX = "-framework ";
				SFML_LINK_FRAMEWORKS_SUFFIX = "";
				SFML_LINK_PREFIX = "$(SFML_LINK_FRAMEWORKS_PREFIX)";
				SFML_LINK_SUFFIX = "$(SFML_LINK_FRAMEWORKS_SUFFIX)";
				SFML_NETWORK = "$(SFML_LINK_PREFIX)sfml-network$(SFML_LINK_SUFFIX)";
				SFML_SYSTEM = "$(SFML_LINK_PREFIX)sfml-system$(SFML_LINK_SUFFIX)";
				SFML_WINDOW = "$(SFML_LINK_PREFIX)sfml-window$(SFML_LINK_SUFFIX)";
			};
			name = Release;
		};
		344640B414D420B000B7C0DA /* Debug */ = {
			isa = XCBuildConfiguration;
			buildSettings = {
				ALWAYS_SEARCH_USER_PATHS = NO;
				COPY_PHASE_STRIP = NO;
				GCC_DYNAMIC_NO_PIC = NO;
				GCC_ENABLE_OBJC_EXCEPTIONS = YES;
				GCC_PRECOMPILE_PREFIX_HEADER = NO;
				GCC_PREFIX_HEADER = "";
				INFOPLIST_FILE = "Game Engine Template/Game Engine Template-Info.plist";
				PRODUCT_NAME = "$(TARGET_NAME)";
				WRAPPER_EXTENSION = app;
			};
			name = Debug;
		};
		344640B514D420B000B7C0DA /* Release */ = {
			isa = XCBuildConfiguration;
			buildSettings = {
				ALWAYS_SEARCH_USER_PATHS = NO;
				COPY_PHASE_STRIP = YES;
				DEBUG_INFORMATION_FORMAT = "dwarf-with-dsym";
				GCC_ENABLE_OBJC_EXCEPTIONS = YES;
				GCC_PRECOMPILE_PREFIX_HEADER = NO;
				GCC_PREFIX_HEADER = "";
				INFOPLIST_FILE = "Game Engine Template/Game Engine Template-Info.plist";
				PRODUCT_NAME = "$(TARGET_NAME)";
				WRAPPER_EXTENSION = app;
			};
			name = Release;
		};
/* End XCBuildConfiguration section */

/* Begin XCConfigurationList section */
		3446409114D420AF00B7C0DA /* Build configuration list for PBXProject "Game Engine Template" */ = {
			isa = XCConfigurationList;
			buildConfigurations = (
				344640B114D420B000B7C0DA /* Debug */,
				344640B214D420B000B7C0DA /* Release */,
			);
			defaultConfigurationIsVisible = 0;
			defaultConfigurationName = Release;
		};
		344640B314D420B000B7C0DA /* Build configuration list for PBXNativeTarget "Game Engine Template" */ = {
			isa = XCConfigurationList;
			buildConfigurations = (
				344640B414D420B000B7C0DA /* Debug */,
				344640B514D420B000B7C0DA /* Release */,
			);
			defaultConfigurationIsVisible = 0;
		};
/* End XCConfigurationList section */
	};
	rootObject = 3446408E14D420AF00B7C0DA /* Project object */;
}
